{
  "name": "mic",
  "version": "0.0.1",
  "lockfileVersion": 1,
  "requires": true,
  "dependencies": {
    "async-limiter": {
      "version": "1.0.0",
      "resolved": "https://registry.npmjs.org/async-limiter/-/async-limiter-1.0.0.tgz",
      "integrity": "sha512-jp/uFnooOiO+L211eZOoSyzpOITMXx1rBITauYykG3BRYPu8h0UcxsPNB04RR5vo4Tyz3+ay17tR6JVf9qzYWg=="
    },
    "fs-extra": {
      "version": "4.0.2",
      "resolved": "https://registry.npmjs.org/fs-extra/-/fs-extra-4.0.2.tgz",
      "integrity": "sha1-+RcExT0bRh+JNFKwwwfZmXZHq2s=",
      "requires": {
        "graceful-fs": "4.1.11",
        "jsonfile": "4.0.0",
        "universalify": "0.1.1"
      }
    },
    "graceful-fs": {
      "version": "4.1.11",
      "resolved": "https://registry.npmjs.org/graceful-fs/-/graceful-fs-4.1.11.tgz",
      "integrity": "sha1-Dovf5NHduIVNZOBOp8AOKgJuVlg="
    },
    "httpdispatcher": {
      "version": "2.1.0",
      "resolved": "https://registry.npmjs.org/httpdispatcher/-/httpdispatcher-2.1.0.tgz",
      "integrity": "sha1-WF1sM/ubTwbZfVn3kzMerwzF1Lw=",
      "requires": {
        "mime": "2.0.3"
      }
    },
    "jsonfile": {
      "version": "4.0.0",
      "resolved": "https://registry.npmjs.org/jsonfile/-/jsonfile-4.0.0.tgz",
      "integrity": "sha1-h3Gq4HmbZAdrdmQPygWPnBDjPss=",
      "requires": {
        "graceful-fs": "4.1.11"
      }
    },
    "lodash._createcompounder": {
      "version": "3.0.0",
      "resolved": "https://registry.npmjs.org/lodash._createcompounder/-/lodash._createcompounder-3.0.0.tgz",
      "integrity": "sha1-XdLLVTctbnDg4jkvsjBNZjEJEHU=",
      "requires": {
        "lodash.deburr": "3.2.0",
        "lodash.words": "3.2.0"
      }
    },
    "lodash._root": {
      "version": "3.0.1",
      "resolved": "https://registry.npmjs.org/lodash._root/-/lodash._root-3.0.1.tgz",
      "integrity": "sha1-+6HEUkwZ7ppfgTa0YJ8BfPTe1pI="
    },
    "lodash.camelcase": {
      "version": "3.0.1",
      "resolved": "https://registry.npmjs.org/lodash.camelcase/-/lodash.camelcase-3.0.1.tgz",
      "integrity": "sha1-kyyLh/ikN3iXxnGXUzKC+Xrqwpg=",
      "requires": {
        "lodash._createcompounder": "3.0.0"
      }
    },
    "lodash.deburr": {
      "version": "3.2.0",
      "resolved": "https://registry.npmjs.org/lodash.deburr/-/lodash.deburr-3.2.0.tgz",
      "integrity": "sha1-baj1QzSjZqfPTEx2742Aqhs2XtU=",
      "requires": {
        "lodash._root": "3.0.1"
      }
    },
    "lodash.words": {
      "version": "3.2.0",
      "resolved": "https://registry.npmjs.org/lodash.words/-/lodash.words-3.2.0.tgz",
      "integrity": "sha1-TiqGSbwIdFsXxpWxo86P7llmI7M=",
      "requires": {
        "lodash._root": "3.0.1"
      }
    },
    "mime": {
      "version": "2.0.3",
      "resolved": "https://registry.npmjs.org/mime/-/mime-2.0.3.tgz",
      "integrity": "sha512-TrpAd/vX3xaLPDgVRm6JkZwLR0KHfukMdU2wTEbqMDdCnY6Yo3mE+mjs9YE6oMNw2QRfXVeBEYpmpO94BIqiug=="
    },
    "minimist": {
      "version": "1.2.0",
      "resolved": "https://registry.npmjs.org/minimist/-/minimist-1.2.0.tgz",
      "integrity": "sha1-o1AIsg9BOD7sH7kU9M1d95omQoQ="
    },
    "nodejs-websocket": {
      "version": "1.7.1",
      "resolved": "https://registry.npmjs.org/nodejs-websocket/-/nodejs-websocket-1.7.1.tgz",
      "integrity": "sha1-zM+7qCO/HPqWgPFoq3q1MSHkhBA="
    },
    "pcm-format": {
      "version": "1.1.2",
      "resolved": "https://registry.npmjs.org/pcm-format/-/pcm-format-1.1.2.tgz",
      "integrity": "sha1-KwrZcIbKj8KtjP+89DPGW6dFcJM=",
      "requires": {
        "lodash.camelcase": "3.0.1",
        "subarg": "1.0.0"
      }
    },
    "safe-buffer": {
      "version": "5.1.1",
      "resolved": "https://registry.npmjs.org/safe-buffer/-/safe-buffer-5.1.1.tgz",
      "integrity": "sha512-kKvNJn6Mm93gAczWVJg7wH+wGYWNrDHdWvpUmHyEsgCtIwwo3bqPtV4tR5tuPaUhTOo/kvhVwd8XwwOllGYkbg=="
    },
    "subarg": {
      "version": "1.0.0",
      "resolved": "https://registry.npmjs.org/subarg/-/subarg-1.0.0.tgz",
      "integrity": "sha1-9izxdYHplrSPyWVpn1TAauJouNI=",
      "requires": {
        "minimist": "1.2.0"
      }
    },
    "ultron": {
      "version": "1.1.0",
      "resolved": "https://registry.npmjs.org/ultron/-/ultron-1.1.0.tgz",
      "integrity": "sha1-sHoualQagV/Go0zNRTO67DB8qGQ="
    },
    "universalify": {
      "version": "0.1.1",
      "resolved": "https://registry.npmjs.org/universalify/-/universalify-0.1.1.tgz",
      "integrity": "sha1-+nG63UQ3r0wUiEHjs7Fl+enlkLc="
    },
    "ws": {
      "version": "3.2.0",
      "resolved": "https://registry.npmjs.org/ws/-/ws-3.2.0.tgz",
      "integrity": "sha512-hTS3mkXm/j85jTQOIcwVz3yK3up9xHgPtgEhDBOH3G18LDOZmSAG1omJeXejLKJakx+okv8vS1sopgs7rw0kVw==",
      "requires": {
        "async-limiter": "1.0.0",
        "safe-buffer": "5.1.1",
        "ultron": "1.1.0"
      }
    }
  }
}
